// !$*UTF8*$!
{
	archiveVersion = 1;
	classes = {
	};
	objectVersion = 46;
	objects = {

/* Begin PBXBuildFile section */
		91DE84721CCD97DC000C6032 /* AppDelegate.swift in Sources */ = {isa = PBXBuildFile; fileRef = 91DE84711CCD97DC000C6032 /* AppDelegate.swift */; };
		91DE84741CCD97DC000C6032 /* YellowVC.swift in Sources */ = {isa = PBXBuildFile; fileRef = 91DE84731CCD97DC000C6032 /* YellowVC.swift */; };
		91DE84791CCD97DC000C6032 /* Assets.xcassets in Resources */ = {isa = PBXBuildFile; fileRef = 91DE84781CCD97DC000C6032 /* Assets.xcassets */; };
		91DE847C1CCD97DC000C6032 /* LaunchScreen.storyboard in Resources */ = {isa = PBXBuildFile; fileRef = 91DE847A1CCD97DC000C6032 /* LaunchScreen.storyboard */; };
		91DE84841CCD98F1000C6032 /* YellowVC.xib in Resources */ = {isa = PBXBuildFile; fileRef = 91DE84831CCD98F1000C6032 /* YellowVC.xib */; };
		91DE848A1CCDA424000C6032 /* BlueVC.swift in Sources */ = {isa = PBXBuildFile; fileRef = 91DE84881CCDA424000C6032 /* BlueVC.swift */; };
		91DE848B1CCDA424000C6032 /* BlueVC.xib in Resources */ = {isa = PBXBuildFile; fileRef = 91DE84891CCDA424000C6032 /* BlueVC.xib */; };
/* End PBXBuildFile section */

/* Begin PBXFileReference section */
		91DE846E1CCD97DC000C6032 /* No Storyboards.app */ = {isa = PBXFileReference; explicitFileType = wrapper.application; includeInIndex = 0; path = "No Storyboards.app"; sourceTree = BUILT_PRODUCTS_DIR; };
		91DE84711CCD97DC000C6032 /* AppDelegate.swift */ = {isa = PBXFileReference; lastKnownFileType = sourcecode.swift; path = AppDelegate.swift; sourceTree = "<group>"; };
		91DE84731CCD97DC000C6032 /* YellowVC.swift */ = {isa = PBXFileReference; lastKnownFileType = sourcecode.swift; path = YellowVC.swift; sourceTree = "<group>"; };
		91DE84781CCD97DC000C6032 /* Assets.xcassets */ = {isa = PBXFileReference; lastKnownFileType = folder.assetcatalog; path = Assets.xcassets; sourceTree = "<group>"; };
		91DE847B1CCD97DC000C6032 /* Base */ = {isa = PBXFileReference; lastKnownFileType = file.storyboard; name = Base; path = Base.lproj/LaunchScreen.storyboard; sourceTree = "<group>"; };
		91DE847D1CCD97DC000C6032 /* Info.plist */ = {isa = PBXFileReference; lastKnownFileType = text.plist.xml; path = Info.plist; sourceTree = "<group>"; };
		91DE84831CCD98F1000C6032 /* YellowVC.xib */ = {isa = PBXFileReference; fileEncoding = 4; lastKnownFileType = file.xib; path = YellowVC.xib; sourceTree = "<group>"; };
		91DE84881CCDA424000C6032 /* BlueVC.swift */ = {isa = PBXFileReference; fileEncoding = 4; lastKnownFileType = sourcecode.swift; path = BlueVC.swift; sourceTree = "<group>"; };
		91DE84891CCDA424000C6032 /* BlueVC.xib */ = {isa = PBXFileReference; fileEncoding = 4; lastKnownFileType = file.xib; path = BlueVC.xib; sourceTree = "<group>"; };
/* End PBXFileReference section */

/* Begin PBXFrameworksBuildPhase section */
		91DE846B1CCD97DC000C6032 /* Frameworks */ = {
			isa = PBXFrameworksBuildPhase;
			buildActionMask = 2147483647;
			files = (
			);
			runOnlyForDeploymentPostprocessing = 0;
		};
/* End PBXFrameworksBuildPhase section */

/* Begin PBXGroup section */
		91DE84651CCD97DC000C6032 = {
			isa = PBXGroup;
			children = (
				91DE84701CCD97DC000C6032 /* No Storyboards */,
				91DE846F1CCD97DC000C6032 /* Products */,
			);
			sourceTree = "<group>";
		};
		91DE846F1CCD97DC000C6032 /* Products */ = {
			isa = PBXGroup;
			children = (
				91DE846E1CCD97DC000C6032 /* No Storyboards.app */,
			);
			name = Products;
			sourceTree = "<group>";
		};
		91DE84701CCD97DC000C6032 /* No Storyboards */ = {
			isa = PBXGroup;
			children = (
				91DE84871CCD98FF000C6032 /* Controller */,
				91DE84861CCD98FA000C6032 /* View */,
				91DE84851CCD98F6000C6032 /* Model */,
				91DE84711CCD97DC000C6032 /* AppDelegate.swift */,
				91DE84781CCD97DC000C6032 /* Assets.xcassets */,
				91DE847A1CCD97DC000C6032 /* LaunchScreen.storyboard */,
				91DE847D1CCD97DC000C6032 /* Info.plist */,
			);
			path = "No Storyboards";
			sourceTree = "<group>";
		};
		91DE84851CCD98F6000C6032 /* Model */ = {
			isa = PBXGroup;
			children = (
			);
			name = Model;
			sourceTree = "<group>";
		};
		91DE84861CCD98FA000C6032 /* View */ = {
			isa = PBXGroup;
			children = (
				91DE84891CCDA424000C6032 /* BlueVC.xib */,
				91DE84831CCD98F1000C6032 /* YellowVC.xib */,
			);
			name = View;
			sourceTree = "<group>";
		};
		91DE84871CCD98FF000C6032 /* Controller */ = {
			isa = PBXGroup;
			children = (
				91DE84731CCD97DC000C6032 /* YellowVC.swift */,
				91DE84881CCDA424000C6032 /* BlueVC.swift */,
			);
			name = Controller;
			sourceTree = "<group>";
		};
/* End PBXGroup section */

/* Begin PBXNativeTarget section */
		91DE846D1CCD97DC000C6032 /* No Storyboards */ = {
			isa = PBXNativeTarget;
			buildConfigurationList = 91DE84801CCD97DC000C6032 /* Build configuration list for PBXNativeTarget "No Storyboards" */;
			buildPhases = (
				91DE846A1CCD97DC000C6032 /* Sources */,
				91DE846B1CCD97DC000C6032 /* Frameworks */,
				91DE846C1CCD97DC000C6032 /* Resources */,
			);
			buildRules = (
			);
			dependencies = (
			);
			name = "No Storyboards";
			productName = "No Storyboards";
			productReference = 91DE846E1CCD97DC000C6032 /* No Storyboards.app */;
			productType = "com.apple.product-type.application";
		};
/* End PBXNativeTarget section */

/* Begin PBXProject section */
		91DE84661CCD97DC000C6032 /* Project object */ = {
			isa = PBXProject;
			attributes = {
				LastSwiftUpdateCheck = 0730;
				LastUpgradeCheck = 0730;
				ORGANIZATIONNAME = Awsome;
				TargetAttributes = {
					91DE846D1CCD97DC000C6032 = {
						CreatedOnToolsVersion = 7.3;
						DevelopmentTeam = PW5CGBBSUC;
					};
				};
			};
			buildConfigurationList = 91DE84691CCD97DC000C6032 /* Build configuration list for PBXProject "No Storyboards" */;
			compatibilityVersion = "Xcode 3.2";
			developmentRegion = English;
			hasScannedForEncodings = 0;
			knownRegions = (
				en,
				Base,
			);
			mainGroup = 91DE84651CCD97DC000C6032;
			productRefGroup = 91DE846F1CCD97DC000C6032 /* Products */;
			projectDirPath = "";
			projectRoot = "";
			targets = (
				91DE846D1CCD97DC000C6032 /* No Storyboards */,
			);
		};
/* End PBXProject section */

/* Begin PBXResourcesBuildPhase section */
		91DE846C1CCD97DC000C6032 /* Resources */ = {
			isa = PBXResourcesBuildPhase;
			buildActionMask = 2147483647;
			files = (
				91DE848B1CCDA424000C6032 /* BlueVC.xib in Resources */,
				91DE84841CCD98F1000C6032 /* YellowVC.xib in Resources */,
				91DE847C1CCD97DC000C6032 /* LaunchScreen.storyboard in Resources */,
				91DE84791CCD97DC000C6032 /* Assets.xcassets in Resources */,
			);
			runOnlyForDeploymentPostprocessing = 0;
		};
/* End PBXResourcesBuildPhase section */

/* Begin PBXSourcesBuildPhase section */
		91DE846A1CCD97DC000C6032 /* Sources */ = {
			isa = PBXSourcesBuildPhase;
			buildActionMask = 2147483647;
			files = (
				91DE84741CCD97DC000C6032 /* YellowVC.swift in Sources */,
				91DE84721CCD97DC000C6032 /* AppDelegate.swift in Sources */,
				91DE848A1CCDA424000C6032 /* BlueVC.swift in Sources */,
			);
			runOnlyForDeploymentPostprocessing = 0;
		};
/* End PBXSourcesBuildPhase section */

/* Begin PBXVariantGroup section */
		91DE847A1CCD97DC000C6032 /* LaunchScreen.storyboard */ = {
			isa = PBXVariantGroup;
			children = (
				91DE847B1CCD97DC000C6032 /* Base */,
			);
			name = LaunchScreen.storyboard;
			sourceTree = "<group>";
		};
/* End PBXVariantGroup section */

/* Begin XCBuildConfiguration section */
		91DE847E1CCD97DC000C6032 /* Debug */ = {
			isa = XCBuildConfiguration;
			buildSettings = {
				ALWAYS_SEARCH_USER_PATHS = NO;
				CLANG_ANALYZER_NONNULL = YES;
				CLANG_CXX_LANGUAGE_STANDARD = "gnu++0x";
				CLANG_CXX_LIBRARY = "libc++";
				CLANG_ENABLE_MODULES = YES;
				CLANG_ENABLE_OBJC_ARC = YES;
				CLANG_WARN_BOOL_CONVERSION = YES;
				CLANG_WARN_CONSTANT_CONVERSION = YES;
				CLANG_WARN_DIRECT_OBJC_ISA_USAGE = YES_ERROR;
				CLANG_WARN_EMPTY_BODY = YES;
				CLANG_WARN_ENUM_CONVERSION = YES;
				CLANG_WARN_INT_CONVERSION = YES;
				CLANG_WARN_OBJC_ROOT_CLASS = YES_ERROR;
				CLANG_WARN_UNREACHABLE_CODE = YES;
				CLANG_WARN__DUPLICATE_METHOD_MATCH = YES;
				"CODE_SIGN_IDENTITY[sdk=iphoneos*]" = "iPhone Developer";
				COPY_PHASE_STRIP = NO;
				DEBUG_INFORMATION_FORMAT = dwarf;
				ENABLE_STRICT_OBJC_MSGSEND = YES;
				ENABLE_TESTABILITY = YES;
				GCC_C_LANGUAGE_STANDARD = gnu99;
				GCC_DYNAMIC_NO_PIC = NO;
				GCC_NO_COMMON_BLOCKS = YES;
				GCC_OPTIMIZATION_LEVEL = 0;
				GCC_PREPROCESSOR_DEFINITIONS = (
					"DEBUG=1",
					"$(inherited)",
				);
				GCC_WARN_64_TO_32_BIT_CONVERSION = YES;
				GCC_WARN_ABOUT_RETURN_TYPE = YES_ERROR;
				GCC_WARN_UNDECLARED_SELECTOR = YES;
				GCC_WARN_UNINITIALIZED_AUTOS = YES_AGGRESSIVE;
				GCC_WARN_UNUSED_FUNCTION = YES;
				GCC_WARN_UNUSED_VARIABLE = YES;
				IPHONEOS_DEPLOYMENT_TARGET = 9.3;
				MTL_ENABLE_DEBUG_INFO = YES;
				ONLY_ACTIVE_ARCH = YES;
				SDKROOT = iphoneos;
				SWIFT_OPTIMIZATION_LEVEL = "-Onone";
				TARGETED_DEVICE_FAMILY = "1,2";
			};
			name = Debug;
		};
		91DE847F1CCD97DC000C6032 /* Release */ = {
			isa = XCBuildConfiguration;
			buildSettings = {
				ALWAYS_SEARCH_USER_PATHS = NO;
				CLANG_ANALYZER_NONNULL = YES;
				CLANG_CXX_LANGUAGE_STANDARD = "gnu++0x";
				CLANG_CXX_LIBRARY = "libc++";
				CLANG_ENABLE_MODULES = YES;
				CLANG_ENABLE_OBJC_ARC = YES;
				CLANG_WARN_BOOL_CONVERSION = YES;
				CLANG_WARN_CONSTANT_CONVERSION = YES;
				CLANG_WARN_DIRECT_OBJC_ISA_USAGE = YES_ERROR;
				CLANG_WARN_EMPTY_BODY = YES;
				CLANG_WARN_ENUM_CONVERSION = YES;
				CLANG_WARN_INT_CONVERSION = YES;
				CLANG_WARN_OBJC_ROOT_CLASS = YES_ERROR;
				CLANG_WARN_UNREACHABLE_CODE = YES;
				CLANG_WARN__DUPLICATE_METHOD_MATCH = YES;
				"CODE_SIGN_IDENTITY[sdk=iphoneos*]" = "iPhone Developer";
				COPY_PHASE_STRIP = NO;
				DEBUG_INFORMATION_FORMAT = "dwarf-with-dsym";
				ENABLE_NS_ASSERTIONS = NO;
				ENABLE_STRICT_OBJC_MSGSEND = YES;
				GCC_C_LANGUAGE_STANDARD = gnu99;
				GCC_NO_COMMON_BLOCKS = YES;
				GCC_WARN_64_TO_32_BIT_CONVERSION = YES;
				GCC_WARN_ABOUT_RETURN_TYPE = YES_ERROR;
				GCC_WARN_UNDECLARED_SELECTOR = YES;
				GCC_WARN_UNINITIALIZED_AUTOS = YES_AGGRESSIVE;
				GCC_WARN_UNUSED_FUNCTION = YES;
				GCC_WARN_UNUSED_VARIABLE = YES;
				IPHONEOS_DEPLOYMENT_TARGET = 9.3;
				MTL_ENABLE_DEBUG_INFO = NO;
				SDKROOT = iphoneos;
				TARGETED_DEVICE_FAMILY = "1,2";
				VALIDATE_PRODUCT = YES;
			};
			name = Release;
		};
		91DE84811CCD97DC000C6032 /* Debug */ = {
			isa = XCBuildConfiguration;
			buildSettings = {
				ASSETCATALOG_COMPILER_APPICON_NAME = AppIcon;
				INFOPLIST_FILE = "No Storyboards/Info.plist";
				LD_RUNPATH_SEARCH_PATHS = "$(inherited) @executable_path/Frameworks";
				PRODUCT_BUNDLE_IDENTIFIER = "com.awesome.No-Storyboards";
				PRODUCT_NAME = "$(TARGET_NAME)";
			};
			name = Debug;
		};
		91DE84821CCD97DC000C6032 /* Release */ = {
			isa = XCBuildConfiguration;
			buildSettings = {
				ASSETCATALOG_COMPILER_APPICON_NAME = AppIcon;
				INFOPLIST_FILE = "No Storyboards/Info.plist";
				LD_RUNPATH_SEARCH_PATHS = "$(inherited) @executable_path/Frameworks";
				PRODUCT_BUNDLE_IDENTIFIER = "com.awesome.No-Storyboards";
				PRODUCT_NAME = "$(TARGET_NAME)";
			};
			name = Release;
		};
/* End XCBuildConfiguration section */

/* Begin XCConfigurationList section */
		91DE84691CCD97DC000C6032 /* Build configuration list for PBXProject "No Storyboards" */ = {
			isa = XCConfigurationList;
			buildConfigurations = (
				91DE847E1CCD97DC000C6032 /* Debug */,
				91DE847F1CCD97DC000C6032 /* Release */,
			);
			defaultConfigurationIsVisible = 0;
			defaultConfigurationName = Release;
		};
		91DE84801CCD97DC000C6032 /* Build configuration list for PBXNativeTarget "No Storyboards" */ = {
			isa = XCConfigurationList;
			buildConfigurations = (
				91DE84811CCD97DC000C6032 /* Debug */,
				91DE84821CCD97DC000C6032 /* Release */,
			);
			defaultConfigurationIsVisible = 0;
		};
/* End XCConfigurationList section */
	};
	rootObject = 91DE84661CCD97DC000C6032 /* Project object */;
}
